Microsoft Visual Studio Solution File, Format Version 12.00
# Visual Studio Version 17
VisualStudioVersion = 17.5.2.0
MinimumVisualStudioVersion = 10.0.40219.1
Project("{FAE04EC0-301F-11D3-BF4B-00C04F79EFBC}") = "backend4frontend", "backend4frontend.csproj", "{D636560F-8061-770D-520A-DD8FACFCD922}"
EndProject
Global
	GlobalSection(SolutionConfigurationPlatforms) = preSolution
		Debug|Any CPU = Debug|Any CPU
		Release|Any CPU = Release|Any CPU
	EndGlobalSection
	GlobalSection(ProjectConfigurationPlatforms) = postSolution
		{D636560F-8061-770D-520A-DD8FACFCD922}.Debug|Any CPU.ActiveCfg = Debug|Any CPU
		{D636560F-8061-770D-520A-DD8FACFCD922}.Debug|Any CPU.Build.0 = Debug|Any CPU
		{D636560F-8061-770D-520A-DD8FACFCD922}.Release|Any CPU.ActiveCfg = Release|Any CPU
		{D636560F-8061-770D-520A-DD8FACFCD922}.Release|Any CPU.Build.0 = Release|Any CPU
	EndGlobalSection
	GlobalSection(SolutionProperties) = preSolution
		HideSolutionNode = FALSE
	EndGlobalSection
	GlobalSection(ExtensibilityGlobals) = postSolution
		SolutionGuid = {777987F1-162A-4F47-9F6F-29E5C09094F0}
	EndGlobalSection
EndGlobal
